// !$*UTF8*$!
{
	archiveVersion = 1;
	classes = {
	};
	objectVersion = 56;
	objects = {

/* Begin PBXBuildFile section */
		6F7C550B2A7EDE1800F6E617 /* ImageSettingsViewController.swift in Sources */ = {isa = PBXBuildFile; fileRef = 6F7C550A2A7EDE1800F6E617 /* ImageSettingsViewController.swift */; };
		6F7C55322A882C8B00F6E617 /* IntroductionViewController.swift in Sources */ = {isa = PBXBuildFile; fileRef = 6F7C55312A882C8B00F6E617 /* IntroductionViewController.swift */; };
		6F89E3072A5DEA1B00693B32 /* NextViewController.swift in Sources */ = {isa = PBXBuildFile; fileRef = 6F89E3062A5DEA1B00693B32 /* NextViewController.swift */; };
		6FC4F5532A600D620026C60B /* PullUpViewController.swift in Sources */ = {isa = PBXBuildFile; fileRef = 6FC4F5522A600D620026C60B /* PullUpViewController.swift */; };
		6FC4F5552A600EA50026C60B /* BirthdayBoy.swift in Sources */ = {isa = PBXBuildFile; fileRef = 6FC4F5542A600EA50026C60B /* BirthdayBoy.swift */; };
		6FC4F5572A618AFC0026C60B /* HappyBirthdayViewController.swift in Sources */ = {isa = PBXBuildFile; fileRef = 6FC4F5562A618AFC0026C60B /* HappyBirthdayViewController.swift */; };
		6FC4F5602A6340FA0026C60B /* Constants.swift in Sources */ = {isa = PBXBuildFile; fileRef = 6FC4F55F2A6340FA0026C60B /* Constants.swift */; };
		6FC5121F2A897F5B00CD8EFE /* MenuViewController.swift in Sources */ = {isa = PBXBuildFile; fileRef = 6FC5121E2A897F5B00CD8EFE /* MenuViewController.swift */; };
		6FC512212A8987C000CD8EFE /* AboutUsViewController.swift in Sources */ = {isa = PBXBuildFile; fileRef = 6FC512202A8987C000CD8EFE /* AboutUsViewController.swift */; };
		6FD9039C2A5C5F6900094FAA /* AppDelegate.swift in Sources */ = {isa = PBXBuildFile; fileRef = 6FD9039B2A5C5F6900094FAA /* AppDelegate.swift */; };
		6FD9039E2A5C5F6900094FAA /* SceneDelegate.swift in Sources */ = {isa = PBXBuildFile; fileRef = 6FD9039D2A5C5F6900094FAA /* SceneDelegate.swift */; };
		6FD903A02A5C5F6900094FAA /* ViewController.swift in Sources */ = {isa = PBXBuildFile; fileRef = 6FD9039F2A5C5F6900094FAA /* ViewController.swift */; };
		6FD903A52A5C5F6B00094FAA /* Assets.xcassets in Resources */ = {isa = PBXBuildFile; fileRef = 6FD903A42A5C5F6B00094FAA /* Assets.xcassets */; };
		6FD903A82A5C5F6B00094FAA /* LaunchScreen.storyboard in Resources */ = {isa = PBXBuildFile; fileRef = 6FD903A62A5C5F6B00094FAA /* LaunchScreen.storyboard */; };
		6FD903B32A5C5F6B00094FAA /* happyBirthdayTests.swift in Sources */ = {isa = PBXBuildFile; fileRef = 6FD903B22A5C5F6B00094FAA /* happyBirthdayTests.swift */; };
		6FD903BD2A5C5F6B00094FAA /* happyBirthdayUITests.swift in Sources */ = {isa = PBXBuildFile; fileRef = 6FD903BC2A5C5F6B00094FAA /* happyBirthdayUITests.swift */; };
		6FD903BF2A5C5F6B00094FAA /* happyBirthdayUITestsLaunchTests.swift in Sources */ = {isa = PBXBuildFile; fileRef = 6FD903BE2A5C5F6B00094FAA /* happyBirthdayUITestsLaunchTests.swift */; };
		6FD903CC2A5C600500094FAA /* Main.storyboard in Resources */ = {isa = PBXBuildFile; fileRef = 6FD903CB2A5C600500094FAA /* Main.storyboard */; };
/* End PBXBuildFile section */

/* Begin PBXContainerItemProxy section */
		6FD903AF2A5C5F6B00094FAA /* PBXContainerItemProxy */ = {
			isa = PBXContainerItemProxy;
			containerPortal = 6FD903902A5C5F6900094FAA /* Project object */;
			proxyType = 1;
			remoteGlobalIDString = 6FD903972A5C5F6900094FAA;
			remoteInfo = happyBirthday;
		};
		6FD903B92A5C5F6B00094FAA /* PBXContainerItemProxy */ = {
			isa = PBXContainerItemProxy;
			containerPortal = 6FD903902A5C5F6900094FAA /* Project object */;
			proxyType = 1;
			remoteGlobalIDString = 6FD903972A5C5F6900094FAA;
			remoteInfo = happyBirthday;
		};
/* End PBXContainerItemProxy section */

/* Begin PBXFileReference section */
		6F7C550A2A7EDE1800F6E617 /* ImageSettingsViewController.swift */ = {isa = PBXFileReference; lastKnownFileType = sourcecode.swift; path = ImageSettingsViewController.swift; sourceTree = "<group>"; };
		6F7C55312A882C8B00F6E617 /* IntroductionViewController.swift */ = {isa = PBXFileReference; lastKnownFileType = sourcecode.swift; path = IntroductionViewController.swift; sourceTree = "<group>"; };
		6F89E3062A5DEA1B00693B32 /* NextViewController.swift */ = {isa = PBXFileReference; lastKnownFileType = sourcecode.swift; path = NextViewController.swift; sourceTree = "<group>"; };
		6FC4F5522A600D620026C60B /* PullUpViewController.swift */ = {isa = PBXFileReference; lastKnownFileType = sourcecode.swift; path = PullUpViewController.swift; sourceTree = "<group>"; };
		6FC4F5542A600EA50026C60B /* BirthdayBoy.swift */ = {isa = PBXFileReference; lastKnownFileType = sourcecode.swift; path = BirthdayBoy.swift; sourceTree = "<group>"; };
		6FC4F5562A618AFC0026C60B /* HappyBirthdayViewController.swift */ = {isa = PBXFileReference; lastKnownFileType = sourcecode.swift; path = HappyBirthdayViewController.swift; sourceTree = "<group>"; };
		6FC4F55F2A6340FA0026C60B /* Constants.swift */ = {isa = PBXFileReference; lastKnownFileType = sourcecode.swift; path = Constants.swift; sourceTree = "<group>"; };
		6FC5121E2A897F5B00CD8EFE /* MenuViewController.swift */ = {isa = PBXFileReference; lastKnownFileType = sourcecode.swift; path = MenuViewController.swift; sourceTree = "<group>"; };
		6FC512202A8987C000CD8EFE /* AboutUsViewController.swift */ = {isa = PBXFileReference; lastKnownFileType = sourcecode.swift; path = AboutUsViewController.swift; sourceTree = "<group>"; };
		6FD903982A5C5F6900094FAA /* happyBirthday.app */ = {isa = PBXFileReference; explicitFileType = wrapper.application; includeInIndex = 0; path = happyBirthday.app; sourceTree = BUILT_PRODUCTS_DIR; };
		6FD9039B2A5C5F6900094FAA /* AppDelegate.swift */ = {isa = PBXFileReference; lastKnownFileType = sourcecode.swift; path = AppDelegate.swift; sourceTree = "<group>"; };
		6FD9039D2A5C5F6900094FAA /* SceneDelegate.swift */ = {isa = PBXFileReference; lastKnownFileType = sourcecode.swift; path = SceneDelegate.swift; sourceTree = "<group>"; };
		6FD9039F2A5C5F6900094FAA /* ViewController.swift */ = {isa = PBXFileReference; lastKnownFileType = sourcecode.swift; path = ViewController.swift; sourceTree = "<group>"; };
		6FD903A42A5C5F6B00094FAA /* Assets.xcassets */ = {isa = PBXFileReference; lastKnownFileType = folder.assetcatalog; path = Assets.xcassets; sourceTree = "<group>"; };
		6FD903A72A5C5F6B00094FAA /* Base */ = {isa = PBXFileReference; lastKnownFileType = file.storyboard; name = Base; path = Base.lproj/LaunchScreen.storyboard; sourceTree = "<group>"; };
		6FD903A92A5C5F6B00094FAA /* Info.plist */ = {isa = PBXFileReference; lastKnownFileType = text.plist.xml; path = Info.plist; sourceTree = "<group>"; };
		6FD903AE2A5C5F6B00094FAA /* happyBirthdayTests.xctest */ = {isa = PBXFileReference; explicitFileType = wrapper.cfbundle; includeInIndex = 0; path = happyBirthdayTests.xctest; sourceTree = BUILT_PRODUCTS_DIR; };
		6FD903B22A5C5F6B00094FAA /* happyBirthdayTests.swift */ = {isa = PBXFileReference; lastKnownFileType = sourcecode.swift; path = happyBirthdayTests.swift; sourceTree = "<group>"; };
		6FD903B82A5C5F6B00094FAA /* happyBirthdayUITests.xctest */ = {isa = PBXFileReference; explicitFileType = wrapper.cfbundle; includeInIndex = 0; path = happyBirthdayUITests.xctest; sourceTree = BUILT_PRODUCTS_DIR; };
		6FD903BC2A5C5F6B00094FAA /* happyBirthdayUITests.swift */ = {isa = PBXFileReference; lastKnownFileType = sourcecode.swift; path = happyBirthdayUITests.swift; sourceTree = "<group>"; };
		6FD903BE2A5C5F6B00094FAA /* happyBirthdayUITestsLaunchTests.swift */ = {isa = PBXFileReference; lastKnownFileType = sourcecode.swift; path = happyBirthdayUITestsLaunchTests.swift; sourceTree = "<group>"; };
		6FD903CB2A5C600500094FAA /* Main.storyboard */ = {isa = PBXFileReference; lastKnownFileType = file.storyboard; path = Main.storyboard; sourceTree = "<group>"; };
/* End PBXFileReference section */

/* Begin PBXFrameworksBuildPhase section */
		6FD903952A5C5F6900094FAA /* Frameworks */ = {
			isa = PBXFrameworksBuildPhase;
			buildActionMask = 2147483647;
			files = (
			);
			runOnlyForDeploymentPostprocessing = 0;
		};
		6FD903AB2A5C5F6B00094FAA /* Frameworks */ = {
			isa = PBXFrameworksBuildPhase;
			buildActionMask = 2147483647;
			files = (
			);
			runOnlyForDeploymentPostprocessing = 0;
		};
		6FD903B52A5C5F6B00094FAA /* Frameworks */ = {
			isa = PBXFrameworksBuildPhase;
			buildActionMask = 2147483647;
			files = (
			);
			runOnlyForDeploymentPostprocessing = 0;
		};
/* End PBXFrameworksBuildPhase section */

/* Begin PBXGroup section */
		6F7C552E2A852AB800F6E617 /* Extensions */ = {
			isa = PBXGroup;
			children = (
			);
			path = Extensions;
			sourceTree = "<group>";
		};
		6FC4F5582A618B120026C60B /* ViewControllers */ = {
			isa = PBXGroup;
			children = (
				6FC5121E2A897F5B00CD8EFE /* MenuViewController.swift */,
				6FC512202A8987C000CD8EFE /* AboutUsViewController.swift */,
				6F7C55312A882C8B00F6E617 /* IntroductionViewController.swift */,
				6FD9039F2A5C5F6900094FAA /* ViewController.swift */,
				6F7C550A2A7EDE1800F6E617 /* ImageSettingsViewController.swift */,
				6F89E3062A5DEA1B00693B32 /* NextViewController.swift */,
				6FC4F5522A600D620026C60B /* PullUpViewController.swift */,
				6FC4F5562A618AFC0026C60B /* HappyBirthdayViewController.swift */,
			);
			path = ViewControllers;
			sourceTree = "<group>";
		};
		6FC4F5592A618B750026C60B /* Supporting Files */ = {
			isa = PBXGroup;
			children = (
				6FD903A92A5C5F6B00094FAA /* Info.plist */,
				6FD9039B2A5C5F6900094FAA /* AppDelegate.swift */,
				6FD9039D2A5C5F6900094FAA /* SceneDelegate.swift */,
			);
			name = "Supporting Files";
			sourceTree = "<group>";
		};
		6FC4F55A2A618BA40026C60B /* Storyboards */ = {
			isa = PBXGroup;
			children = (
				6FD903CB2A5C600500094FAA /* Main.storyboard */,
				6FD903A62A5C5F6B00094FAA /* LaunchScreen.storyboard */,
			);
			path = Storyboards;
			sourceTree = "<group>";
		};
		6FC4F55B2A618BC80026C60B /* Resources */ = {
			isa = PBXGroup;
			children = (
				6FD903A42A5C5F6B00094FAA /* Assets.xcassets */,
				6FC4F55F2A6340FA0026C60B /* Constants.swift */,
			);
			path = Resources;
			sourceTree = "<group>";
		};
		6FC4F55C2A618BED0026C60B /* Models */ = {
			isa = PBXGroup;
			children = (
				6FC4F5542A600EA50026C60B /* BirthdayBoy.swift */,
			);
			path = Models;
			sourceTree = "<group>";
		};
		6FD9038F2A5C5F6900094FAA = {
			isa = PBXGroup;
			children = (
				6FD9039A2A5C5F6900094FAA /* happyBirthday */,
				6FD903B12A5C5F6B00094FAA /* happyBirthdayTests */,
				6FD903BB2A5C5F6B00094FAA /* happyBirthdayUITests */,
				6FD903992A5C5F6900094FAA /* Products */,
			);
			sourceTree = "<group>";
		};
		6FD903992A5C5F6900094FAA /* Products */ = {
			isa = PBXGroup;
			children = (
				6FD903982A5C5F6900094FAA /* happyBirthday.app */,
				6FD903AE2A5C5F6B00094FAA /* happyBirthdayTests.xctest */,
				6FD903B82A5C5F6B00094FAA /* happyBirthdayUITests.xctest */,
			);
			name = Products;
			sourceTree = "<group>";
		};
		6FD9039A2A5C5F6900094FAA /* happyBirthday */ = {
			isa = PBXGroup;
			children = (
				6FC4F5592A618B750026C60B /* Supporting Files */,
				6F7C552E2A852AB800F6E617 /* Extensions */,
				6FC4F55C2A618BED0026C60B /* Models */,
				6FC4F5582A618B120026C60B /* ViewControllers */,
				6FC4F55A2A618BA40026C60B /* Storyboards */,
				6FC4F55B2A618BC80026C60B /* Resources */,
			);
			path = happyBirthday;
			sourceTree = "<group>";
		};
		6FD903B12A5C5F6B00094FAA /* happyBirthdayTests */ = {
			isa = PBXGroup;
			children = (
				6FD903B22A5C5F6B00094FAA /* happyBirthdayTests.swift */,
			);
			path = happyBirthdayTests;
			sourceTree = "<group>";
		};
		6FD903BB2A5C5F6B00094FAA /* happyBirthdayUITests */ = {
			isa = PBXGroup;
			children = (
				6FD903BC2A5C5F6B00094FAA /* happyBirthdayUITests.swift */,
				6FD903BE2A5C5F6B00094FAA /* happyBirthdayUITestsLaunchTests.swift */,
			);
			path = happyBirthdayUITests;
			sourceTree = "<group>";
		};
/* End PBXGroup section */

/* Begin PBXNativeTarget section */
		6FD903972A5C5F6900094FAA /* happyBirthday */ = {
			isa = PBXNativeTarget;
			buildConfigurationList = 6FD903C22A5C5F6B00094FAA /* Build configuration list for PBXNativeTarget "happyBirthday" */;
			buildPhases = (
				6FD903942A5C5F6900094FAA /* Sources */,
				6FD903952A5C5F6900094FAA /* Frameworks */,
				6FD903962A5C5F6900094FAA /* Resources */,
			);
			buildRules = (
			);
			dependencies = (
			);
			name = happyBirthday;
			productName = happyBirthday;
			productReference = 6FD903982A5C5F6900094FAA /* happyBirthday.app */;
			productType = "com.apple.product-type.application";
		};
		6FD903AD2A5C5F6B00094FAA /* happyBirthdayTests */ = {
			isa = PBXNativeTarget;
			buildConfigurationList = 6FD903C52A5C5F6B00094FAA /* Build configuration list for PBXNativeTarget "happyBirthdayTests" */;
			buildPhases = (
				6FD903AA2A5C5F6B00094FAA /* Sources */,
				6FD903AB2A5C5F6B00094FAA /* Frameworks */,
				6FD903AC2A5C5F6B00094FAA /* Resources */,
			);
			buildRules = (
			);
			dependencies = (
				6FD903B02A5C5F6B00094FAA /* PBXTargetDependency */,
			);
			name = happyBirthdayTests;
			productName = happyBirthdayTests;
			productReference = 6FD903AE2A5C5F6B00094FAA /* happyBirthdayTests.xctest */;
			productType = "com.apple.product-type.bundle.unit-test";
		};
		6FD903B72A5C5F6B00094FAA /* happyBirthdayUITests */ = {
			isa = PBXNativeTarget;
			buildConfigurationList = 6FD903C82A5C5F6B00094FAA /* Build configuration list for PBXNativeTarget "happyBirthdayUITests" */;
			buildPhases = (
				6FD903B42A5C5F6B00094FAA /* Sources */,
				6FD903B52A5C5F6B00094FAA /* Frameworks */,
				6FD903B62A5C5F6B00094FAA /* Resources */,
			);
			buildRules = (
			);
			dependencies = (
				6FD903BA2A5C5F6B00094FAA /* PBXTargetDependency */,
			);
			name = happyBirthdayUITests;
			productName = happyBirthdayUITests;
			productReference = 6FD903B82A5C5F6B00094FAA /* happyBirthdayUITests.xctest */;
			productType = "com.apple.product-type.bundle.ui-testing";
		};
/* End PBXNativeTarget section */

/* Begin PBXProject section */
		6FD903902A5C5F6900094FAA /* Project object */ = {
			isa = PBXProject;
			attributes = {
				BuildIndependentTargetsInParallel = 1;
				LastSwiftUpdateCheck = 1430;
				LastUpgradeCheck = 1430;
				TargetAttributes = {
					6FD903972A5C5F6900094FAA = {
						CreatedOnToolsVersion = 14.3.1;
					};
					6FD903AD2A5C5F6B00094FAA = {
						CreatedOnToolsVersion = 14.3.1;
						TestTargetID = 6FD903972A5C5F6900094FAA;
					};
					6FD903B72A5C5F6B00094FAA = {
						CreatedOnToolsVersion = 14.3.1;
						TestTargetID = 6FD903972A5C5F6900094FAA;
					};
				};
			};
			buildConfigurationList = 6FD903932A5C5F6900094FAA /* Build configuration list for PBXProject "happyBirthday" */;
			compatibilityVersion = "Xcode 14.0";
			developmentRegion = en;
			hasScannedForEncodings = 0;
			knownRegions = (
				en,
				Base,
			);
			mainGroup = 6FD9038F2A5C5F6900094FAA;
			productRefGroup = 6FD903992A5C5F6900094FAA /* Products */;
			projectDirPath = "";
			projectRoot = "";
			targets = (
				6FD903972A5C5F6900094FAA /* happyBirthday */,
				6FD903AD2A5C5F6B00094FAA /* happyBirthdayTests */,
				6FD903B72A5C5F6B00094FAA /* happyBirthdayUITests */,
			);
		};
/* End PBXProject section */

/* Begin PBXResourcesBuildPhase section */
		6FD903962A5C5F6900094FAA /* Resources */ = {
			isa = PBXResourcesBuildPhase;
			buildActionMask = 2147483647;
			files = (
				6FD903CC2A5C600500094FAA /* Main.storyboard in Resources */,
				6FD903A82A5C5F6B00094FAA /* LaunchScreen.storyboard in Resources */,
				6FD903A52A5C5F6B00094FAA /* Assets.xcassets in Resources */,
			);
			runOnlyForDeploymentPostprocessing = 0;
		};
		6FD903AC2A5C5F6B00094FAA /* Resources */ = {
			isa = PBXResourcesBuildPhase;
			buildActionMask = 2147483647;
			files = (
			);
			runOnlyForDeploymentPostprocessing = 0;
		};
		6FD903B62A5C5F6B00094FAA /* Resources */ = {
			isa = PBXResourcesBuildPhase;
			buildActionMask = 2147483647;
			files = (
			);
			runOnlyForDeploymentPostprocessing = 0;
		};
/* End PBXResourcesBuildPhase section */

/* Begin PBXSourcesBuildPhase section */
		6FD903942A5C5F6900094FAA /* Sources */ = {
			isa = PBXSourcesBuildPhase;
			buildActionMask = 2147483647;
			files = (
				6F7C55322A882C8B00F6E617 /* IntroductionViewController.swift in Sources */,
				6FC512212A8987C000CD8EFE /* AboutUsViewController.swift in Sources */,
				6FC4F5572A618AFC0026C60B /* HappyBirthdayViewController.swift in Sources */,
				6FD903A02A5C5F6900094FAA /* ViewController.swift in Sources */,
				6FC4F5532A600D620026C60B /* PullUpViewController.swift in Sources */,
				6F89E3072A5DEA1B00693B32 /* NextViewController.swift in Sources */,
				6FC4F5552A600EA50026C60B /* BirthdayBoy.swift in Sources */,
				6F7C550B2A7EDE1800F6E617 /* ImageSettingsViewController.swift in Sources */,
				6FD9039C2A5C5F6900094FAA /* AppDelegate.swift in Sources */,
				6FD9039E2A5C5F6900094FAA /* SceneDelegate.swift in Sources */,
				6FC4F5602A6340FA0026C60B /* Constants.swift in Sources */,
				6FC5121F2A897F5B00CD8EFE /* MenuViewController.swift in Sources */,
			);
			runOnlyForDeploymentPostprocessing = 0;
		};
		6FD903AA2A5C5F6B00094FAA /* Sources */ = {
			isa = PBXSourcesBuildPhase;
			buildActionMask = 2147483647;
			files = (
				6FD903B32A5C5F6B00094FAA /* happyBirthdayTests.swift in Sources */,
			);
			runOnlyForDeploymentPostprocessing = 0;
		};
		6FD903B42A5C5F6B00094FAA /* Sources */ = {
			isa = PBXSourcesBuildPhase;
			buildActionMask = 2147483647;
			files = (
				6FD903BF2A5C5F6B00094FAA /* happyBirthdayUITestsLaunchTests.swift in Sources */,
				6FD903BD2A5C5F6B00094FAA /* happyBirthdayUITests.swift in Sources */,
			);
			runOnlyForDeploymentPostprocessing = 0;
		};
/* End PBXSourcesBuildPhase section */

/* Begin PBXTargetDependency section */
		6FD903B02A5C5F6B00094FAA /* PBXTargetDependency */ = {
			isa = PBXTargetDependency;
			target = 6FD903972A5C5F6900094FAA /* happyBirthday */;
			targetProxy = 6FD903AF2A5C5F6B00094FAA /* PBXContainerItemProxy */;
		};
		6FD903BA2A5C5F6B00094FAA /* PBXTargetDependency */ = {
			isa = PBXTargetDependency;
			target = 6FD903972A5C5F6900094FAA /* happyBirthday */;
			targetProxy = 6FD903B92A5C5F6B00094FAA /* PBXContainerItemProxy */;
		};
/* End PBXTargetDependency section */

/* Begin PBXVariantGroup section */
		6FD903A62A5C5F6B00094FAA /* LaunchScreen.storyboard */ = {
			isa = PBXVariantGroup;
			children = (
				6FD903A72A5C5F6B00094FAA /* Base */,
			);
			name = LaunchScreen.storyboard;
			sourceTree = "<group>";
		};
/* End PBXVariantGroup section */

/* Begin XCBuildConfiguration section */
		6FD903C02A5C5F6B00094FAA /* Debug */ = {
			isa = XCBuildConfiguration;
			buildSettings = {
				ALWAYS_SEARCH_USER_PATHS = NO;
				CLANG_ANALYZER_NONNULL = YES;
				CLANG_ANALYZER_NUMBER_OBJECT_CONVERSION = YES_AGGRESSIVE;
				CLANG_CXX_LANGUAGE_STANDARD = "gnu++20";
				CLANG_ENABLE_MODULES = YES;
				CLANG_ENABLE_OBJC_ARC = YES;
				CLANG_ENABLE_OBJC_WEAK = YES;
				CLANG_WARN_BLOCK_CAPTURE_AUTORELEASING = YES;
				CLANG_WARN_BOOL_CONVERSION = YES;
				CLANG_WARN_COMMA = YES;
				CLANG_WARN_CONSTANT_CONVERSION = YES;
				CLANG_WARN_DEPRECATED_OBJC_IMPLEMENTATIONS = YES;
				CLANG_WARN_DIRECT_OBJC_ISA_USAGE = YES_ERROR;
				CLANG_WARN_DOCUMENTATION_COMMENTS = YES;
				CLANG_WARN_EMPTY_BODY = YES;
				CLANG_WARN_ENUM_CONVERSION = YES;
				CLANG_WARN_INFINITE_RECURSION = YES;
				CLANG_WARN_INT_CONVERSION = YES;
				CLANG_WARN_NON_LITERAL_NULL_CONVERSION = YES;
				CLANG_WARN_OBJC_IMPLICIT_RETAIN_SELF = YES;
				CLANG_WARN_OBJC_LITERAL_CONVERSION = YES;
				CLANG_WARN_OBJC_ROOT_CLASS = YES_ERROR;
				CLANG_WARN_QUOTED_INCLUDE_IN_FRAMEWORK_HEADER = YES;
				CLANG_WARN_RANGE_LOOP_ANALYSIS = YES;
				CLANG_WARN_STRICT_PROTOTYPES = YES;
				CLANG_WARN_SUSPICIOUS_MOVE = YES;
				CLANG_WARN_UNGUARDED_AVAILABILITY = YES_AGGRESSIVE;
				CLANG_WARN_UNREACHABLE_CODE = YES;
				CLANG_WARN__DUPLICATE_METHOD_MATCH = YES;
				COPY_PHASE_STRIP = NO;
				DEBUG_INFORMATION_FORMAT = dwarf;
				ENABLE_STRICT_OBJC_MSGSEND = YES;
				ENABLE_TESTABILITY = YES;
				GCC_C_LANGUAGE_STANDARD = gnu11;
				GCC_DYNAMIC_NO_PIC = NO;
				GCC_NO_COMMON_BLOCKS = YES;
				GCC_OPTIMIZATION_LEVEL = 0;
				GCC_PREPROCESSOR_DEFINITIONS = (
					"DEBUG=1",
					"$(inherited)",
				);
				GCC_WARN_64_TO_32_BIT_CONVERSION = YES;
				GCC_WARN_ABOUT_RETURN_TYPE = YES_ERROR;
				GCC_WARN_UNDECLARED_SELECTOR = YES;
				GCC_WARN_UNINITIALIZED_AUTOS = YES_AGGRESSIVE;
				GCC_WARN_UNUSED_FUNCTION = YES;
				GCC_WARN_UNUSED_VARIABLE = YES;
				IPHONEOS_DEPLOYMENT_TARGET = 16.4;
				MTL_ENABLE_DEBUG_INFO = INCLUDE_SOURCE;
				MTL_FAST_MATH = YES;
				ONLY_ACTIVE_ARCH = YES;
				SDKROOT = iphoneos;
				SWIFT_ACTIVE_COMPILATION_CONDITIONS = DEBUG;
				SWIFT_OPTIMIZATION_LEVEL = "-Onone";
			};
			name = Debug;
		};
		6FD903C12A5C5F6B00094FAA /* Release */ = {
			isa = XCBuildConfiguration;
			buildSettings = {
				ALWAYS_SEARCH_USER_PATHS = NO;
				CLANG_ANALYZER_NONNULL = YES;
				CLANG_ANALYZER_NUMBER_OBJECT_CONVERSION = YES_AGGRESSIVE;
				CLANG_CXX_LANGUAGE_STANDARD = "gnu++20";
				CLANG_ENABLE_MODULES = YES;
				CLANG_ENABLE_OBJC_ARC = YES;
				CLANG_ENABLE_OBJC_WEAK = YES;
				CLANG_WARN_BLOCK_CAPTURE_AUTORELEASING = YES;
				CLANG_WARN_BOOL_CONVERSION = YES;
				CLANG_WARN_COMMA = YES;
				CLANG_WARN_CONSTANT_CONVERSION = YES;
				CLANG_WARN_DEPRECATED_OBJC_IMPLEMENTATIONS = YES;
				CLANG_WARN_DIRECT_OBJC_ISA_USAGE = YES_ERROR;
				CLANG_WARN_DOCUMENTATION_COMMENTS = YES;
				CLANG_WARN_EMPTY_BODY = YES;
				CLANG_WARN_ENUM_CONVERSION = YES;
				CLANG_WARN_INFINITE_RECURSION = YES;
				CLANG_WARN_INT_CONVERSION = YES;
				CLANG_WARN_NON_LITERAL_NULL_CONVERSION = YES;
				CLANG_WARN_OBJC_IMPLICIT_RETAIN_SELF = YES;
				CLANG_WARN_OBJC_LITERAL_CONVERSION = YES;
				CLANG_WARN_OBJC_ROOT_CLASS = YES_ERROR;
				CLANG_WARN_QUOTED_INCLUDE_IN_FRAMEWORK_HEADER = YES;
				CLANG_WARN_RANGE_LOOP_ANALYSIS = YES;
				CLANG_WARN_STRICT_PROTOTYPES = YES;
				CLANG_WARN_SUSPICIOUS_MOVE = YES;
				CLANG_WARN_UNGUARDED_AVAILABILITY = YES_AGGRESSIVE;
				CLANG_WARN_UNREACHABLE_CODE = YES;
				CLANG_WARN__DUPLICATE_METHOD_MATCH = YES;
				COPY_PHASE_STRIP = NO;
				DEBUG_INFORMATION_FORMAT = "dwarf-with-dsym";
				ENABLE_NS_ASSERTIONS = NO;
				ENABLE_STRICT_OBJC_MSGSEND = YES;
				GCC_C_LANGUAGE_STANDARD = gnu11;
				GCC_NO_COMMON_BLOCKS = YES;
				GCC_WARN_64_TO_32_BIT_CONVERSION = YES;
				GCC_WARN_ABOUT_RETURN_TYPE = YES_ERROR;
				GCC_WARN_UNDECLARED_SELECTOR = YES;
				GCC_WARN_UNINITIALIZED_AUTOS = YES_AGGRESSIVE;
				GCC_WARN_UNUSED_FUNCTION = YES;
				GCC_WARN_UNUSED_VARIABLE = YES;
				IPHONEOS_DEPLOYMENT_TARGET = 16.4;
				MTL_ENABLE_DEBUG_INFO = NO;
				MTL_FAST_MATH = YES;
				SDKROOT = iphoneos;
				SWIFT_COMPILATION_MODE = wholemodule;
				SWIFT_OPTIMIZATION_LEVEL = "-O";
				VALIDATE_PRODUCT = YES;
			};
			name = Release;
		};
		6FD903C32A5C5F6B00094FAA /* Debug */ = {
			isa = XCBuildConfiguration;
			buildSettings = {
				ASSETCATALOG_COMPILER_APPICON_NAME = AppIcon;
				ASSETCATALOG_COMPILER_GLOBAL_ACCENT_COLOR_NAME = AccentColor;
				ASSETCATALOG_COMPILER_INCLUDE_ALL_APPICON_ASSETS = YES;
				CODE_SIGN_STYLE = Automatic;
				CURRENT_PROJECT_VERSION = 3;
				DEVELOPMENT_TEAM = BH26MDT64T;
				GENERATE_INFOPLIST_FILE = YES;
				INFOPLIST_FILE = happyBirthday/Info.plist;
				INFOPLIST_KEY_UIApplicationSupportsIndirectInputEvents = YES;
				INFOPLIST_KEY_UILaunchStoryboardName = LaunchScreen;
				INFOPLIST_KEY_UIMainStoryboardFile = Main;
				INFOPLIST_KEY_UIRequiresFullScreen = YES;
				INFOPLIST_KEY_UISupportedInterfaceOrientations = UIInterfaceOrientationPortrait;
				LD_RUNPATH_SEARCH_PATHS = (
					"$(inherited)",
					"@executable_path/Frameworks",
				);
				MARKETING_VERSION = 1.6;
				PRODUCT_BUNDLE_IDENTIFIER = hayyimsTeam.happyBirthday;
				PRODUCT_NAME = "$(TARGET_NAME)";
				SWIFT_EMIT_LOC_STRINGS = YES;
				SWIFT_VERSION = 5.0;
				TARGETED_DEVICE_FAMILY = "1,2";
			};
			name = Debug;
		};
		6FD903C42A5C5F6B00094FAA /* Release */ = {
			isa = XCBuildConfiguration;
			buildSettings = {
				ASSETCATALOG_COMPILER_APPICON_NAME = AppIcon;
				ASSETCATALOG_COMPILER_GLOBAL_ACCENT_COLOR_NAME = AccentColor;
				ASSETCATALOG_COMPILER_INCLUDE_ALL_APPICON_ASSETS = YES;
				CODE_SIGN_STYLE = Automatic;
				CURRENT_PROJECT_VERSION = 3;
				DEVELOPMENT_TEAM = BH26MDT64T;
				GENERATE_INFOPLIST_FILE = YES;
				INFOPLIST_FILE = happyBirthday/Info.plist;
				INFOPLIST_KEY_UIApplicationSupportsIndirectInputEvents = YES;
				INFOPLIST_KEY_UILaunchStoryboardName = LaunchScreen;
				INFOPLIST_KEY_UIMainStoryboardFile = Main;
				INFOPLIST_KEY_UIRequiresFullScreen = YES;
				INFOPLIST_KEY_UISupportedInterfaceOrientations = UIInterfaceOrientationPortrait;
				LD_RUNPATH_SEARCH_PATHS = (
					"$(inherited)",
					"@executable_path/Frameworks",
				);
				MARKETING_VERSION = 1.6;
				PRODUCT_BUNDLE_IDENTIFIER = hayyimsTeam.happyBirthday;
				PRODUCT_NAME = "$(TARGET_NAME)";
				SWIFT_EMIT_LOC_STRINGS = YES;
				SWIFT_VERSION = 5.0;
				TARGETED_DEVICE_FAMILY = "1,2";
			};
			name = Release;
		};
		6FD903C62A5C5F6B00094FAA /* Debug */ = {
			isa = XCBuildConfiguration;
			buildSettings = {
				ALWAYS_EMBED_SWIFT_STANDARD_LIBRARIES = YES;
				BUNDLE_LOADER = "$(TEST_HOST)";
				CODE_SIGN_STYLE = Automatic;
				CURRENT_PROJECT_VERSION = 1;
				DEVELOPMENT_TEAM = BH26MDT64T;
				GENERATE_INFOPLIST_FILE = YES;
				IPHONEOS_DEPLOYMENT_TARGET = 16.4;
				MARKETING_VERSION = 1.0;
				PRODUCT_BUNDLE_IDENTIFIER = hayyimsTeam.happyBirthdayTests;
				PRODUCT_NAME = "$(TARGET_NAME)";
				SUPPORTED_PLATFORMS = "iphoneos iphonesimulator";
				SUPPORTS_MACCATALYST = NO;
				SUPPORTS_MAC_DESIGNED_FOR_IPHONE_IPAD = YES;
				SWIFT_EMIT_LOC_STRINGS = NO;
				SWIFT_VERSION = 5.0;
				TARGETED_DEVICE_FAMILY = "1,2";
				TEST_HOST = "$(BUILT_PRODUCTS_DIR)/happyBirthday.app/$(BUNDLE_EXECUTABLE_FOLDER_PATH)/happyBirthday";
			};
			name = Debug;
		};
		6FD903C72A5C5F6B00094FAA /* Release */ = {
			isa = XCBuildConfiguration;
			buildSettings = {
				ALWAYS_EMBED_SWIFT_STANDARD_LIBRARIES = YES;
				BUNDLE_LOADER = "$(TEST_HOST)";
				CODE_SIGN_STYLE = Automatic;
				CURRENT_PROJECT_VERSION = 1;
				DEVELOPMENT_TEAM = BH26MDT64T;
				GENERATE_INFOPLIST_FILE = YES;
				IPHONEOS_DEPLOYMENT_TARGET = 16.4;
				MARKETING_VERSION = 1.0;
				PRODUCT_BUNDLE_IDENTIFIER = hayyimsTeam.happyBirthdayTests;
				PRODUCT_NAME = "$(TARGET_NAME)";
				SUPPORTED_PLATFORMS = "iphoneos iphonesimulator";
				SUPPORTS_MACCATALYST = NO;
				SUPPORTS_MAC_DESIGNED_FOR_IPHONE_IPAD = YES;
				SWIFT_EMIT_LOC_STRINGS = NO;
				SWIFT_VERSION = 5.0;
				TARGETED_DEVICE_FAMILY = "1,2";
				TEST_HOST = "$(BUILT_PRODUCTS_DIR)/happyBirthday.app/$(BUNDLE_EXECUTABLE_FOLDER_PATH)/happyBirthday";
			};
			name = Release;
		};
		6FD903C92A5C5F6B00094FAA /* Debug */ = {
			isa = XCBuildConfiguration;
			buildSettings = {
				ALWAYS_EMBED_SWIFT_STANDARD_LIBRARIES = YES;
				CODE_SIGN_STYLE = Automatic;
				CURRENT_PROJECT_VERSION = 1;
				DEVELOPMENT_TEAM = BH26MDT64T;
				GENERATE_INFOPLIST_FILE = YES;
				MARKETING_VERSION = 1.0;
				PRODUCT_BUNDLE_IDENTIFIER = hayyimsTeam.happyBirthdayUITests;
				PRODUCT_NAME = "$(TARGET_NAME)";
				SWIFT_EMIT_LOC_STRINGS = NO;
				SWIFT_VERSION = 5.0;
				TARGETED_DEVICE_FAMILY = "1,2";
				TEST_TARGET_NAME = happyBirthday;
			};
			name = Debug;
		};
		6FD903CA2A5C5F6B00094FAA /* Release */ = {
			isa = XCBuildConfiguration;
			buildSettings = {
				ALWAYS_EMBED_SWIFT_STANDARD_LIBRARIES = YES;
				CODE_SIGN_STYLE = Automatic;
				CURRENT_PROJECT_VERSION = 1;
				DEVELOPMENT_TEAM = BH26MDT64T;
				GENERATE_INFOPLIST_FILE = YES;
				MARKETING_VERSION = 1.0;
				PRODUCT_BUNDLE_IDENTIFIER = hayyimsTeam.happyBirthdayUITests;
				PRODUCT_NAME = "$(TARGET_NAME)";
				SWIFT_EMIT_LOC_STRINGS = NO;
				SWIFT_VERSION = 5.0;
				TARGETED_DEVICE_FAMILY = "1,2";
				TEST_TARGET_NAME = happyBirthday;
			};
			name = Release;
		};
/* End XCBuildConfiguration section */

/* Begin XCConfigurationList section */
		6FD903932A5C5F6900094FAA /* Build configuration list for PBXProject "happyBirthday" */ = {
			isa = XCConfigurationList;
			buildConfigurations = (
				6FD903C02A5C5F6B00094FAA /* Debug */,
				6FD903C12A5C5F6B00094FAA /* Release */,
			);
			defaultConfigurationIsVisible = 0;
			defaultConfigurationName = Release;
		};
		6FD903C22A5C5F6B00094FAA /* Build configuration list for PBXNativeTarget "happyBirthday" */ = {
			isa = XCConfigurationList;
			buildConfigurations = (
				6FD903C32A5C5F6B00094FAA /* Debug */,
				6FD903C42A5C5F6B00094FAA /* Release */,
			);
			defaultConfigurationIsVisible = 0;
			defaultConfigurationName = Release;
		};
		6FD903C52A5C5F6B00094FAA /* Build configuration list for PBXNativeTarget "happyBirthdayTests" */ = {
			isa = XCConfigurationList;
			buildConfigurations = (
				6FD903C62A5C5F6B00094FAA /* Debug */,
				6FD903C72A5C5F6B00094FAA /* Release */,
			);
			defaultConfigurationIsVisible = 0;
			defaultConfigurationName = Release;
		};
		6FD903C82A5C5F6B00094FAA /* Build configuration list for PBXNativeTarget "happyBirthdayUITests" */ = {
			isa = XCConfigurationList;
			buildConfigurations = (
				6FD903C92A5C5F6B00094FAA /* Debug */,
				6FD903CA2A5C5F6B00094FAA /* Release */,
			);
			defaultConfigurationIsVisible = 0;
			defaultConfigurationName = Release;
		};
/* End XCConfigurationList section */
	};
	rootObject = 6FD903902A5C5F6900094FAA /* Project object */;
}
